
Microsoft Visual Studio Solution File, Format Version 12.00
# Visual Studio 15
VisualStudioVersion = 15.0.28010.2046
MinimumVisualStudioVersion = 10.0.40219.1
Project("{FAE04EC0-301F-11D3-BF4B-00C04F79EFBC}") = "AumentaTest.Ejercicio1", "AumentaTest.Ejercicio1\AumentaTest.Ejercicio1.csproj", "{45CA353F-3D3F-4C62-8CCB-A170CCCC4F91}"
EndProject
Project("{FAE04EC0-301F-11D3-BF4B-00C04F79EFBC}") = "AumentaTest.Ejercicio2", "AumentaTest.Ejercicio2\AumentaTest.Ejercicio2.csproj", "{65139991-915A-4DF5-BCDA-7780269BC7B1}"
EndProject
Project("{FAE04EC0-301F-11D3-BF4B-00C04F79EFBC}") = "AumentaTest.Ejercicio3", "AumentaTest.Ejercicio3\AumentaTest.Ejercicio3.csproj", "{F71DB663-C48E-422E-BA49-31DEA004CD64}"
EndProject
Global
	GlobalSection(SolutionConfigurationPlatforms) = preSolution
		Debug|Any CPU = Debug|Any CPU
		Release|Any CPU = Release|Any CPU
	EndGlobalSection
	GlobalSection(ProjectConfigurationPlatforms) = postSolution
		{45CA353F-3D3F-4C62-8CCB-A170CCCC4F91}.Debug|Any CPU.ActiveCfg = Debug|Any CPU
		{45CA353F-3D3F-4C62-8CCB-A170CCCC4F91}.Debug|Any CPU.Build.0 = Debug|Any CPU
		{45CA353F-3D3F-4C62-8CCB-A170CCCC4F91}.Release|Any CPU.ActiveCfg = Release|Any CPU
		{45CA353F-3D3F-4C62-8CCB-A170CCCC4F91}.Release|Any CPU.Build.0 = Release|Any CPU
		{65139991-915A-4DF5-BCDA-7780269BC7B1}.Debug|Any CPU.ActiveCfg = Debug|Any CPU
		{65139991-915A-4DF5-BCDA-7780269BC7B1}.Debug|Any CPU.Build.0 = Debug|Any CPU
		{65139991-915A-4DF5-BCDA-7780269BC7B1}.Release|Any CPU.ActiveCfg = Release|Any CPU
		{65139991-915A-4DF5-BCDA-7780269BC7B1}.Release|Any CPU.Build.0 = Release|Any CPU
		{F71DB663-C48E-422E-BA49-31DEA004CD64}.Debug|Any CPU.ActiveCfg = Debug|Any CPU
		{F71DB663-C48E-422E-BA49-31DEA004CD64}.Debug|Any CPU.Build.0 = Debug|Any CPU
		{F71DB663-C48E-422E-BA49-31DEA004CD64}.Release|Any CPU.ActiveCfg = Release|Any CPU
		{F71DB663-C48E-422E-BA49-31DEA004CD64}.Release|Any CPU.Build.0 = Release|Any CPU
	EndGlobalSection
	GlobalSection(SolutionProperties) = preSolution
		HideSolutionNode = FALSE
	EndGlobalSection
	GlobalSection(ExtensibilityGlobals) = postSolution
		SolutionGuid = {50A141B5-8291-46C9-B60A-9034737DDBD3}
	EndGlobalSection
EndGlobal
